
Microsoft Visual Studio Solution File, Format Version 12.00
# Visual Studio 15
Project("{FAE04EC0-301F-11D3-BF4B-00C04F79EFBC}") = "TestCSharpLanguage", "TestCSharpLanguage\TestCSharpLanguage.csproj", "{2305BF00-B795-472C-863B-A2B4FB180052}"
EndProject
Project("{FAE04EC0-301F-11D3-BF4B-00C04F79EFBC}") = "ClassLibrary", "ClassLibrary\ClassLibrary.csproj", "{EA02AE8E-5103-45EC-955F-94611CF4EE99}"
EndProject
Project("{FAE04EC0-301F-11D3-BF4B-00C04F79EFBC}") = "Common", "Common\Common.csproj", "{139F377E-E12B-433E-8228-191537DB43B0}"
EndProject
Project("{FAE04EC0-301F-11D3-BF4B-00C04F79EFBC}") = "DesignModel", "DesignModel\DesignModel.csproj", "{5D90DAED-B433-4441-8E7F-E0DAD82F00F4}"
EndProject
Project("{FAE04EC0-301F-11D3-BF4B-00C04F79EFBC}") = "AOP", "AOP\AOP.csproj", "{1C4ACA96-BB8B-4774-9141-70F70EF64E54}"
EndProject
Project("{FAE04EC0-301F-11D3-BF4B-00C04F79EFBC}") = "MVC", "MVC\MVC.csproj", "{85AC69D1-3736-4388-B1A3-25D8081BA3DD}"
EndProject
Project("{FAE04EC0-301F-11D3-BF4B-00C04F79EFBC}") = "WebFormTest", "WebFormTest\WebFormTest.csproj", "{31A7FCFE-B6E7-4707-8E78-1FB3F670258E}"
EndProject
Project("{FAE04EC0-301F-11D3-BF4B-00C04F79EFBC}") = "WebFormTest.Tests", "WebFormTest.Tests\WebFormTest.Tests.csproj", "{7DEFD759-441D-4B59-AEC2-F781479CAA37}"
EndProject
Global
	GlobalSection(SolutionConfigurationPlatforms) = preSolution
		Debug|Any CPU = Debug|Any CPU
		Release|Any CPU = Release|Any CPU
	EndGlobalSection
	GlobalSection(ProjectConfigurationPlatforms) = postSolution
		{2305BF00-B795-472C-863B-A2B4FB180052}.Debug|Any CPU.ActiveCfg = Debug|Any CPU
		{2305BF00-B795-472C-863B-A2B4FB180052}.Debug|Any CPU.Build.0 = Debug|Any CPU
		{2305BF00-B795-472C-863B-A2B4FB180052}.Release|Any CPU.ActiveCfg = Release|Any CPU
		{2305BF00-B795-472C-863B-A2B4FB180052}.Release|Any CPU.Build.0 = Release|Any CPU
		{EA02AE8E-5103-45EC-955F-94611CF4EE99}.Debug|Any CPU.ActiveCfg = Debug|Any CPU
		{EA02AE8E-5103-45EC-955F-94611CF4EE99}.Debug|Any CPU.Build.0 = Debug|Any CPU
		{EA02AE8E-5103-45EC-955F-94611CF4EE99}.Release|Any CPU.ActiveCfg = Release|Any CPU
		{EA02AE8E-5103-45EC-955F-94611CF4EE99}.Release|Any CPU.Build.0 = Release|Any CPU
		{139F377E-E12B-433E-8228-191537DB43B0}.Debug|Any CPU.ActiveCfg = Debug|Any CPU
		{139F377E-E12B-433E-8228-191537DB43B0}.Debug|Any CPU.Build.0 = Debug|Any CPU
		{139F377E-E12B-433E-8228-191537DB43B0}.Release|Any CPU.ActiveCfg = Release|Any CPU
		{139F377E-E12B-433E-8228-191537DB43B0}.Release|Any CPU.Build.0 = Release|Any CPU
		{5D90DAED-B433-4441-8E7F-E0DAD82F00F4}.Debug|Any CPU.ActiveCfg = Debug|Any CPU
		{5D90DAED-B433-4441-8E7F-E0DAD82F00F4}.Debug|Any CPU.Build.0 = Debug|Any CPU
		{5D90DAED-B433-4441-8E7F-E0DAD82F00F4}.Release|Any CPU.ActiveCfg = Release|Any CPU
		{5D90DAED-B433-4441-8E7F-E0DAD82F00F4}.Release|Any CPU.Build.0 = Release|Any CPU
		{1C4ACA96-BB8B-4774-9141-70F70EF64E54}.Debug|Any CPU.ActiveCfg = Debug|Any CPU
		{1C4ACA96-BB8B-4774-9141-70F70EF64E54}.Debug|Any CPU.Build.0 = Debug|Any CPU
		{1C4ACA96-BB8B-4774-9141-70F70EF64E54}.Release|Any CPU.ActiveCfg = Release|Any CPU
		{1C4ACA96-BB8B-4774-9141-70F70EF64E54}.Release|Any CPU.Build.0 = Release|Any CPU
		{85AC69D1-3736-4388-B1A3-25D8081BA3DD}.Debug|Any CPU.ActiveCfg = Debug|Any CPU
		{85AC69D1-3736-4388-B1A3-25D8081BA3DD}.Debug|Any CPU.Build.0 = Debug|Any CPU
		{85AC69D1-3736-4388-B1A3-25D8081BA3DD}.Release|Any CPU.ActiveCfg = Release|Any CPU
		{85AC69D1-3736-4388-B1A3-25D8081BA3DD}.Release|Any CPU.Build.0 = Release|Any CPU
		{31A7FCFE-B6E7-4707-8E78-1FB3F670258E}.Debug|Any CPU.ActiveCfg = Debug|Any CPU
		{31A7FCFE-B6E7-4707-8E78-1FB3F670258E}.Debug|Any CPU.Build.0 = Debug|Any CPU
		{31A7FCFE-B6E7-4707-8E78-1FB3F670258E}.Release|Any CPU.ActiveCfg = Release|Any CPU
		{31A7FCFE-B6E7-4707-8E78-1FB3F670258E}.Release|Any CPU.Build.0 = Release|Any CPU
		{7DEFD759-441D-4B59-AEC2-F781479CAA37}.Debug|Any CPU.ActiveCfg = Debug|Any CPU
		{7DEFD759-441D-4B59-AEC2-F781479CAA37}.Debug|Any CPU.Build.0 = Debug|Any CPU
		{7DEFD759-441D-4B59-AEC2-F781479CAA37}.Release|Any CPU.ActiveCfg = Release|Any CPU
		{7DEFD759-441D-4B59-AEC2-F781479CAA37}.Release|Any CPU.Build.0 = Release|Any CPU
	EndGlobalSection
EndGlobal
