
Microsoft Visual Studio Solution File, Format Version 12.00
# Visual Studio 15
Project("{FAE04EC0-301F-11D3-BF4B-00C04F79EFBC}") = "TestCSharpLanguage", "TestCSharpLanguage\TestCSharpLanguage.csproj", "{2305BF00-B795-472C-863B-A2B4FB180052}"
EndProject
Project("{FAE04EC0-301F-11D3-BF4B-00C04F79EFBC}") = "ClassLibrary", "ClassLibrary\ClassLibrary.csproj", "{EA02AE8E-5103-45EC-955F-94611CF4EE99}"
EndProject
Project("{FAE04EC0-301F-11D3-BF4B-00C04F79EFBC}") = "Common", "Common\Common.csproj", "{139F377E-E12B-433E-8228-191537DB43B0}"
EndProject
Project("{FAE04EC0-301F-11D3-BF4B-00C04F79EFBC}") = "DesignModel", "DesignModel\DesignModel.csproj", "{5D90DAED-B433-4441-8E7F-E0DAD82F00F4}"
EndProject
Project("{FAE04EC0-301F-11D3-BF4B-00C04F79EFBC}") = "AOP", "AOP\AOP.csproj", "{F8F33189-2281-4662-BE65-BD4696A934A9}"
EndProject
Global
	GlobalSection(SolutionConfigurationPlatforms) = preSolution
		Debug|Any CPU = Debug|Any CPU
		Release|Any CPU = Release|Any CPU
	EndGlobalSection
	GlobalSection(ProjectConfigurationPlatforms) = postSolution
		{2305BF00-B795-472C-863B-A2B4FB180052}.Debug|Any CPU.ActiveCfg = Debug|Any CPU
		{2305BF00-B795-472C-863B-A2B4FB180052}.Debug|Any CPU.Build.0 = Debug|Any CPU
		{2305BF00-B795-472C-863B-A2B4FB180052}.Release|Any CPU.ActiveCfg = Release|Any CPU
		{2305BF00-B795-472C-863B-A2B4FB180052}.Release|Any CPU.Build.0 = Release|Any CPU
		{EA02AE8E-5103-45EC-955F-94611CF4EE99}.Debug|Any CPU.ActiveCfg = Debug|Any CPU
		{EA02AE8E-5103-45EC-955F-94611CF4EE99}.Debug|Any CPU.Build.0 = Debug|Any CPU
		{EA02AE8E-5103-45EC-955F-94611CF4EE99}.Release|Any CPU.ActiveCfg = Release|Any CPU
		{EA02AE8E-5103-45EC-955F-94611CF4EE99}.Release|Any CPU.Build.0 = Release|Any CPU
		{139F377E-E12B-433E-8228-191537DB43B0}.Debug|Any CPU.ActiveCfg = Debug|Any CPU
		{139F377E-E12B-433E-8228-191537DB43B0}.Debug|Any CPU.Build.0 = Debug|Any CPU
		{139F377E-E12B-433E-8228-191537DB43B0}.Release|Any CPU.ActiveCfg = Release|Any CPU
		{139F377E-E12B-433E-8228-191537DB43B0}.Release|Any CPU.Build.0 = Release|Any CPU
		{5D90DAED-B433-4441-8E7F-E0DAD82F00F4}.Debug|Any CPU.ActiveCfg = Debug|Any CPU
		{5D90DAED-B433-4441-8E7F-E0DAD82F00F4}.Debug|Any CPU.Build.0 = Debug|Any CPU
		{5D90DAED-B433-4441-8E7F-E0DAD82F00F4}.Release|Any CPU.ActiveCfg = Release|Any CPU
		{5D90DAED-B433-4441-8E7F-E0DAD82F00F4}.Release|Any CPU.Build.0 = Release|Any CPU
		{F8F33189-2281-4662-BE65-BD4696A934A9}.Debug|Any CPU.ActiveCfg = Debug|Any CPU
		{F8F33189-2281-4662-BE65-BD4696A934A9}.Debug|Any CPU.Build.0 = Debug|Any CPU
		{F8F33189-2281-4662-BE65-BD4696A934A9}.Release|Any CPU.ActiveCfg = Release|Any CPU
		{F8F33189-2281-4662-BE65-BD4696A934A9}.Release|Any CPU.Build.0 = Release|Any CPU
	EndGlobalSection
EndGlobal
